
Microsoft Visual Studio Solution File, Format Version 12.00
# Visual Studio Version 16
VisualStudioVersion = 16.0.30413.136
MinimumVisualStudioVersion = 10.0.40219.1
Project("{9A19103F-16F7-4668-BE54-9A1E7A4F7556}") = "Taskter", "Taskter.csproj", "{24508D20-D527-4BE9-B535-F36748AEB3B4}"
EndProject
Project("{9A19103F-16F7-4668-BE54-9A1E7A4F7556}") = "Taskter.Services", "..\Services\Taskter.Services.csproj", "{2C40E1AA-C5F4-475C-B2F3-35045E0D5AFE}"
EndProject
Project("{FAE04EC0-301F-11D3-BF4B-00C04F79EFBC}") = "Taskter.Tests", "..\Taskter.Tests1\Taskter.Tests.csproj", "{8EA2F825-BA12-4969-B68D-7332FFD92053}"
EndProject
Global
	GlobalSection(SolutionConfigurationPlatforms) = preSolution
		Debug|Any CPU = Debug|Any CPU
		Release|Any CPU = Release|Any CPU
	EndGlobalSection
	GlobalSection(ProjectConfigurationPlatforms) = postSolution
		{24508D20-D527-4BE9-B535-F36748AEB3B4}.Debug|Any CPU.ActiveCfg = Debug|Any CPU
		{24508D20-D527-4BE9-B535-F36748AEB3B4}.Debug|Any CPU.Build.0 = Debug|Any CPU
		{24508D20-D527-4BE9-B535-F36748AEB3B4}.Release|Any CPU.ActiveCfg = Release|Any CPU
		{24508D20-D527-4BE9-B535-F36748AEB3B4}.Release|Any CPU.Build.0 = Release|Any CPU
		{2C40E1AA-C5F4-475C-B2F3-35045E0D5AFE}.Debug|Any CPU.ActiveCfg = Debug|Any CPU
		{2C40E1AA-C5F4-475C-B2F3-35045E0D5AFE}.Debug|Any CPU.Build.0 = Debug|Any CPU
		{2C40E1AA-C5F4-475C-B2F3-35045E0D5AFE}.Release|Any CPU.ActiveCfg = Release|Any CPU
		{2C40E1AA-C5F4-475C-B2F3-35045E0D5AFE}.Release|Any CPU.Build.0 = Release|Any CPU
		{8EA2F825-BA12-4969-B68D-7332FFD92053}.Debug|Any CPU.ActiveCfg = Debug|Any CPU
		{8EA2F825-BA12-4969-B68D-7332FFD92053}.Debug|Any CPU.Build.0 = Debug|Any CPU
		{8EA2F825-BA12-4969-B68D-7332FFD92053}.Release|Any CPU.ActiveCfg = Release|Any CPU
		{8EA2F825-BA12-4969-B68D-7332FFD92053}.Release|Any CPU.Build.0 = Release|Any CPU
	EndGlobalSection
	GlobalSection(SolutionProperties) = preSolution
		HideSolutionNode = FALSE
	EndGlobalSection
	GlobalSection(ExtensibilityGlobals) = postSolution
		SolutionGuid = {D2DFB684-495C-44DE-A432-01EA33D1EBE9}
	EndGlobalSection
EndGlobal
